
Microsoft Visual Studio Solution File, Format Version 12.00
# Visual Studio Version 17
VisualStudioVersion = 17.2.32630.192
MinimumVisualStudioVersion = 10.0.40219.1
Project("{9A19103F-16F7-4668-BE54-9A1E7A4F7556}") = "GroupCreationProject", "GroupCreationProject\GroupCreationProject.csproj", "{4CB57D52-F1E1-4217-8F6F-7BD0635E7EA4}"
EndProject
Project("{9A19103F-16F7-4668-BE54-9A1E7A4F7556}") = "GroupCreationAPI", "GroupCreationAPI\GroupCreationAPI.csproj", "{E0B4B88D-E9C1-4BAA-98ED-AC9AFDE2F531}"
EndProject
Project("{FAE04EC0-301F-11D3-BF4B-00C04F79EFBC}") = "GroupCreationAPI2", "GroupCreationAPI2\GroupCreationAPI2.csproj", "{42771FB1-90A3-4337-B196-CB02B2CD9294}"
EndProject
Global
	GlobalSection(SolutionConfigurationPlatforms) = preSolution
		Debug|Any CPU = Debug|Any CPU
		Release|Any CPU = Release|Any CPU
	EndGlobalSection
	GlobalSection(ProjectConfigurationPlatforms) = postSolution
		{4CB57D52-F1E1-4217-8F6F-7BD0635E7EA4}.Debug|Any CPU.ActiveCfg = Debug|Any CPU
		{4CB57D52-F1E1-4217-8F6F-7BD0635E7EA4}.Debug|Any CPU.Build.0 = Debug|Any CPU
		{4CB57D52-F1E1-4217-8F6F-7BD0635E7EA4}.Release|Any CPU.ActiveCfg = Release|Any CPU
		{4CB57D52-F1E1-4217-8F6F-7BD0635E7EA4}.Release|Any CPU.Build.0 = Release|Any CPU
		{E0B4B88D-E9C1-4BAA-98ED-AC9AFDE2F531}.Debug|Any CPU.ActiveCfg = Debug|Any CPU
		{E0B4B88D-E9C1-4BAA-98ED-AC9AFDE2F531}.Debug|Any CPU.Build.0 = Debug|Any CPU
		{E0B4B88D-E9C1-4BAA-98ED-AC9AFDE2F531}.Release|Any CPU.ActiveCfg = Release|Any CPU
		{E0B4B88D-E9C1-4BAA-98ED-AC9AFDE2F531}.Release|Any CPU.Build.0 = Release|Any CPU
		{42771FB1-90A3-4337-B196-CB02B2CD9294}.Debug|Any CPU.ActiveCfg = Debug|Any CPU
		{42771FB1-90A3-4337-B196-CB02B2CD9294}.Debug|Any CPU.Build.0 = Debug|Any CPU
		{42771FB1-90A3-4337-B196-CB02B2CD9294}.Release|Any CPU.ActiveCfg = Release|Any CPU
		{42771FB1-90A3-4337-B196-CB02B2CD9294}.Release|Any CPU.Build.0 = Release|Any CPU
	EndGlobalSection
	GlobalSection(SolutionProperties) = preSolution
		HideSolutionNode = FALSE
	EndGlobalSection
	GlobalSection(ExtensibilityGlobals) = postSolution
		SolutionGuid = {FC9559AE-2C4B-44A9-9C99-C1CF59B2DA01}
	EndGlobalSection
EndGlobal
