
Microsoft Visual Studio Solution File, Format Version 12.00
# Visual Studio Version 17
VisualStudioVersion = 17.2.32630.192
MinimumVisualStudioVersion = 10.0.40219.1
Project("{9A19103F-16F7-4668-BE54-9A1E7A4F7556}") = "GroupCreationProject", "GroupCreationProject\GroupCreationProject.csproj", "{4CB57D52-F1E1-4217-8F6F-7BD0635E7EA4}"
	ProjectSection(ProjectDependencies) = postProject
		{9E889C9F-A247-458A-8C92-D2DC8109D0A7} = {9E889C9F-A247-458A-8C92-D2DC8109D0A7}
	EndProjectSection
EndProject
Project("{00D1A9C2-B5F0-4AF3-8072-F6C62B433612}") = "UserDB", "UserDB\UserDB.sqlproj", "{5389C253-04A4-4A4E-B3C5-62A8B8E956B5}"
EndProject
Project("{FAE04EC0-301F-11D3-BF4B-00C04F79EFBC}") = "DataAccess", "DataAccess\DataAccess.csproj", "{9E889C9F-A247-458A-8C92-D2DC8109D0A7}"
EndProject
Global
	GlobalSection(SolutionConfigurationPlatforms) = preSolution
		Debug|Any CPU = Debug|Any CPU
		Release|Any CPU = Release|Any CPU
	EndGlobalSection
	GlobalSection(ProjectConfigurationPlatforms) = postSolution
		{4CB57D52-F1E1-4217-8F6F-7BD0635E7EA4}.Debug|Any CPU.ActiveCfg = Debug|Any CPU
		{4CB57D52-F1E1-4217-8F6F-7BD0635E7EA4}.Debug|Any CPU.Build.0 = Debug|Any CPU
		{4CB57D52-F1E1-4217-8F6F-7BD0635E7EA4}.Release|Any CPU.ActiveCfg = Release|Any CPU
		{4CB57D52-F1E1-4217-8F6F-7BD0635E7EA4}.Release|Any CPU.Build.0 = Release|Any CPU
		{5389C253-04A4-4A4E-B3C5-62A8B8E956B5}.Debug|Any CPU.ActiveCfg = Debug|Any CPU
		{5389C253-04A4-4A4E-B3C5-62A8B8E956B5}.Debug|Any CPU.Build.0 = Debug|Any CPU
		{5389C253-04A4-4A4E-B3C5-62A8B8E956B5}.Debug|Any CPU.Deploy.0 = Debug|Any CPU
		{5389C253-04A4-4A4E-B3C5-62A8B8E956B5}.Release|Any CPU.ActiveCfg = Release|Any CPU
		{5389C253-04A4-4A4E-B3C5-62A8B8E956B5}.Release|Any CPU.Build.0 = Release|Any CPU
		{5389C253-04A4-4A4E-B3C5-62A8B8E956B5}.Release|Any CPU.Deploy.0 = Release|Any CPU
		{9E889C9F-A247-458A-8C92-D2DC8109D0A7}.Debug|Any CPU.ActiveCfg = Debug|Any CPU
		{9E889C9F-A247-458A-8C92-D2DC8109D0A7}.Debug|Any CPU.Build.0 = Debug|Any CPU
		{9E889C9F-A247-458A-8C92-D2DC8109D0A7}.Release|Any CPU.ActiveCfg = Release|Any CPU
		{9E889C9F-A247-458A-8C92-D2DC8109D0A7}.Release|Any CPU.Build.0 = Release|Any CPU
	EndGlobalSection
	GlobalSection(SolutionProperties) = preSolution
		HideSolutionNode = FALSE
	EndGlobalSection
	GlobalSection(ExtensibilityGlobals) = postSolution
		SolutionGuid = {FC9559AE-2C4B-44A9-9C99-C1CF59B2DA01}
	EndGlobalSection
EndGlobal
